
Microsoft Visual Studio Solution File, Format Version 12.00
# Visual Studio 14
VisualStudioVersion = 14.0.25420.1
MinimumVisualStudioVersion = 10.0.40219.1
Project("{FAE04EC0-301F-11D3-BF4B-00C04F79EFBC}") = "ACEDrivingSchool", "ACEDrivingSchool\ACEDrivingSchool.csproj", "{7A3569CE-5CA0-467A-9DBF-BE5E70414FAF}"
EndProject
Project("{7CF6DF6D-3B04-46F8-A40B-537D21BCA0B4}") = "ACEDrivingSchoolDocumentation", "ACEDrivingSchoolDocumentation\ACEDrivingSchoolDocumentation.shfbproj", "{03CF447B-2460-4D30-86BA-575C7CE834FA}"
EndProject
Global
	GlobalSection(SolutionConfigurationPlatforms) = preSolution
		Debug|Any CPU = Debug|Any CPU
		Release|Any CPU = Release|Any CPU
	EndGlobalSection
	GlobalSection(ProjectConfigurationPlatforms) = postSolution
		{7A3569CE-5CA0-467A-9DBF-BE5E70414FAF}.Debug|Any CPU.ActiveCfg = Debug|Any CPU
		{7A3569CE-5CA0-467A-9DBF-BE5E70414FAF}.Debug|Any CPU.Build.0 = Debug|Any CPU
		{7A3569CE-5CA0-467A-9DBF-BE5E70414FAF}.Release|Any CPU.ActiveCfg = Release|Any CPU
		{7A3569CE-5CA0-467A-9DBF-BE5E70414FAF}.Release|Any CPU.Build.0 = Release|Any CPU
		{03CF447B-2460-4D30-86BA-575C7CE834FA}.Debug|Any CPU.ActiveCfg = Debug|Any CPU
		{03CF447B-2460-4D30-86BA-575C7CE834FA}.Debug|Any CPU.Build.0 = Debug|Any CPU
		{03CF447B-2460-4D30-86BA-575C7CE834FA}.Release|Any CPU.ActiveCfg = Release|Any CPU
		{03CF447B-2460-4D30-86BA-575C7CE834FA}.Release|Any CPU.Build.0 = Release|Any CPU
	EndGlobalSection
	GlobalSection(SolutionProperties) = preSolution
		HideSolutionNode = FALSE
	EndGlobalSection
EndGlobal
